
Microsoft Visual Studio Solution File, Format Version 12.00
# Visual Studio 14
VisualStudioVersion = 14.0.25420.1
MinimumVisualStudioVersion = 10.0.40219.1
Project("{FAE04EC0-301F-11D3-BF4B-00C04F79EFBC}") = "SK.HW16.Web", "SK.HW16.Web\SK.HW16.Web.csproj", "{B4E82B63-BF46-42E1-A4AB-CF389D71932A}"
	ProjectSection(ProjectDependencies) = postProject
		{9170B144-BC15-47B4-8B15-33DBFACC0C6F} = {9170B144-BC15-47B4-8B15-33DBFACC0C6F}
		{4D3F6CA1-8A22-4EAE-BD39-6A6BBC97B31B} = {4D3F6CA1-8A22-4EAE-BD39-6A6BBC97B31B}
	EndProjectSection
EndProject
Project("{FAE04EC0-301F-11D3-BF4B-00C04F79EFBC}") = "SK.HW16.BL", "SK.HW16.BL\SK.HW16.BL.csproj", "{9170B144-BC15-47B4-8B15-33DBFACC0C6F}"
	ProjectSection(ProjectDependencies) = postProject
		{4D3F6CA1-8A22-4EAE-BD39-6A6BBC97B31B} = {4D3F6CA1-8A22-4EAE-BD39-6A6BBC97B31B}
		{7B3D2DD1-6DC8-4BFA-8B6D-CB6EBEEC9F26} = {7B3D2DD1-6DC8-4BFA-8B6D-CB6EBEEC9F26}
	EndProjectSection
EndProject
Project("{FAE04EC0-301F-11D3-BF4B-00C04F79EFBC}") = "SK.HW16.Dal", "SK.HW16.Dal\SK.HW16.Dal.csproj", "{7B3D2DD1-6DC8-4BFA-8B6D-CB6EBEEC9F26}"
EndProject
Project("{FAE04EC0-301F-11D3-BF4B-00C04F79EFBC}") = "SK.HW16.ViewModels", "SK.HW16.ViewModels\SK.HW16.ViewModels.csproj", "{4D3F6CA1-8A22-4EAE-BD39-6A6BBC97B31B}"
EndProject
Global
	GlobalSection(SolutionConfigurationPlatforms) = preSolution
		Debug|Any CPU = Debug|Any CPU
		Release|Any CPU = Release|Any CPU
	EndGlobalSection
	GlobalSection(ProjectConfigurationPlatforms) = postSolution
		{B4E82B63-BF46-42E1-A4AB-CF389D71932A}.Debug|Any CPU.ActiveCfg = Debug|Any CPU
		{B4E82B63-BF46-42E1-A4AB-CF389D71932A}.Debug|Any CPU.Build.0 = Debug|Any CPU
		{B4E82B63-BF46-42E1-A4AB-CF389D71932A}.Release|Any CPU.ActiveCfg = Release|Any CPU
		{B4E82B63-BF46-42E1-A4AB-CF389D71932A}.Release|Any CPU.Build.0 = Release|Any CPU
		{9170B144-BC15-47B4-8B15-33DBFACC0C6F}.Debug|Any CPU.ActiveCfg = Debug|Any CPU
		{9170B144-BC15-47B4-8B15-33DBFACC0C6F}.Debug|Any CPU.Build.0 = Debug|Any CPU
		{9170B144-BC15-47B4-8B15-33DBFACC0C6F}.Release|Any CPU.ActiveCfg = Release|Any CPU
		{9170B144-BC15-47B4-8B15-33DBFACC0C6F}.Release|Any CPU.Build.0 = Release|Any CPU
		{7B3D2DD1-6DC8-4BFA-8B6D-CB6EBEEC9F26}.Debug|Any CPU.ActiveCfg = Debug|Any CPU
		{7B3D2DD1-6DC8-4BFA-8B6D-CB6EBEEC9F26}.Debug|Any CPU.Build.0 = Debug|Any CPU
		{7B3D2DD1-6DC8-4BFA-8B6D-CB6EBEEC9F26}.Release|Any CPU.ActiveCfg = Release|Any CPU
		{7B3D2DD1-6DC8-4BFA-8B6D-CB6EBEEC9F26}.Release|Any CPU.Build.0 = Release|Any CPU
		{4D3F6CA1-8A22-4EAE-BD39-6A6BBC97B31B}.Debug|Any CPU.ActiveCfg = Debug|Any CPU
		{4D3F6CA1-8A22-4EAE-BD39-6A6BBC97B31B}.Debug|Any CPU.Build.0 = Debug|Any CPU
		{4D3F6CA1-8A22-4EAE-BD39-6A6BBC97B31B}.Release|Any CPU.ActiveCfg = Release|Any CPU
		{4D3F6CA1-8A22-4EAE-BD39-6A6BBC97B31B}.Release|Any CPU.Build.0 = Release|Any CPU
	EndGlobalSection
	GlobalSection(SolutionProperties) = preSolution
		HideSolutionNode = FALSE
	EndGlobalSection
EndGlobal
