
Microsoft Visual Studio Solution File, Format Version 12.00
# Visual Studio 14
VisualStudioVersion = 14.0.25420.1
MinimumVisualStudioVersion = 10.0.40219.1
Project("{FAE04EC0-301F-11D3-BF4B-00C04F79EFBC}") = "SK.CW.BL", "SK.CW.BL\SK.CW.BL.csproj", "{D7B8465D-BEDB-48DF-B7FF-74A8CE4A0C69}"
EndProject
Project("{FAE04EC0-301F-11D3-BF4B-00C04F79EFBC}") = "SK.CW.Dal", "SK.CW.Dal\SK.CW.Dal.csproj", "{EFA9BAFE-2D9D-48C4-833A-00E69C877ED1}"
EndProject
Project("{FAE04EC0-301F-11D3-BF4B-00C04F79EFBC}") = "SK.CW.Web", "SK.CW.Web\SK.CW.Web.csproj", "{EDAF0F95-F2D1-4494-BCED-368A1E3BDDC7}"
EndProject
Project("{FAE04EC0-301F-11D3-BF4B-00C04F79EFBC}") = "SK.CW.ViewModels", "SK.CW.ViewModels\SK.CW.ViewModels.csproj", "{771DF4F9-FF69-4327-8EF1-6FF4F28B7516}"
EndProject
Global
	GlobalSection(SolutionConfigurationPlatforms) = preSolution
		Debug|Any CPU = Debug|Any CPU
		Release|Any CPU = Release|Any CPU
	EndGlobalSection
	GlobalSection(ProjectConfigurationPlatforms) = postSolution
		{D7B8465D-BEDB-48DF-B7FF-74A8CE4A0C69}.Debug|Any CPU.ActiveCfg = Debug|Any CPU
		{D7B8465D-BEDB-48DF-B7FF-74A8CE4A0C69}.Debug|Any CPU.Build.0 = Debug|Any CPU
		{D7B8465D-BEDB-48DF-B7FF-74A8CE4A0C69}.Release|Any CPU.ActiveCfg = Release|Any CPU
		{D7B8465D-BEDB-48DF-B7FF-74A8CE4A0C69}.Release|Any CPU.Build.0 = Release|Any CPU
		{EFA9BAFE-2D9D-48C4-833A-00E69C877ED1}.Debug|Any CPU.ActiveCfg = Debug|Any CPU
		{EFA9BAFE-2D9D-48C4-833A-00E69C877ED1}.Debug|Any CPU.Build.0 = Debug|Any CPU
		{EFA9BAFE-2D9D-48C4-833A-00E69C877ED1}.Release|Any CPU.ActiveCfg = Release|Any CPU
		{EFA9BAFE-2D9D-48C4-833A-00E69C877ED1}.Release|Any CPU.Build.0 = Release|Any CPU
		{EDAF0F95-F2D1-4494-BCED-368A1E3BDDC7}.Debug|Any CPU.ActiveCfg = Debug|Any CPU
		{EDAF0F95-F2D1-4494-BCED-368A1E3BDDC7}.Debug|Any CPU.Build.0 = Debug|Any CPU
		{EDAF0F95-F2D1-4494-BCED-368A1E3BDDC7}.Release|Any CPU.ActiveCfg = Release|Any CPU
		{EDAF0F95-F2D1-4494-BCED-368A1E3BDDC7}.Release|Any CPU.Build.0 = Release|Any CPU
		{771DF4F9-FF69-4327-8EF1-6FF4F28B7516}.Debug|Any CPU.ActiveCfg = Debug|Any CPU
		{771DF4F9-FF69-4327-8EF1-6FF4F28B7516}.Debug|Any CPU.Build.0 = Debug|Any CPU
		{771DF4F9-FF69-4327-8EF1-6FF4F28B7516}.Release|Any CPU.ActiveCfg = Release|Any CPU
		{771DF4F9-FF69-4327-8EF1-6FF4F28B7516}.Release|Any CPU.Build.0 = Release|Any CPU
	EndGlobalSection
	GlobalSection(SolutionProperties) = preSolution
		HideSolutionNode = FALSE
	EndGlobalSection
EndGlobal
