
Microsoft Visual Studio Solution File, Format Version 12.00
# Visual Studio 14
VisualStudioVersion = 14.0.25420.1
MinimumVisualStudioVersion = 10.0.40219.1
Project("{FAE04EC0-301F-11D3-BF4B-00C04F79EFBC}") = "Sk.Hw14.Web", "Sk.Hw14.Web\Sk.Hw14.Web.csproj", "{4DCCF3B3-26B7-4583-B401-008BDCD3D7E4}"
EndProject
Project("{FAE04EC0-301F-11D3-BF4B-00C04F79EFBC}") = "Sk.Hw14.Dal", "Sk.Hw14.Dal\Sk.Hw14.Dal.csproj", "{082D7999-6A55-45C7-B72A-47BB1AA64AEE}"
EndProject
Project("{FAE04EC0-301F-11D3-BF4B-00C04F79EFBC}") = "Sk.Hw14.Bl", "Sk.Hw14.Bl\Sk.Hw14.Bl.csproj", "{99607E0A-A2B4-4D0D-85CA-CF0CB1544B1A}"
EndProject
Global
	GlobalSection(SolutionConfigurationPlatforms) = preSolution
		Debug|Any CPU = Debug|Any CPU
		Release|Any CPU = Release|Any CPU
	EndGlobalSection
	GlobalSection(ProjectConfigurationPlatforms) = postSolution
		{4DCCF3B3-26B7-4583-B401-008BDCD3D7E4}.Debug|Any CPU.ActiveCfg = Debug|Any CPU
		{4DCCF3B3-26B7-4583-B401-008BDCD3D7E4}.Debug|Any CPU.Build.0 = Debug|Any CPU
		{4DCCF3B3-26B7-4583-B401-008BDCD3D7E4}.Release|Any CPU.ActiveCfg = Release|Any CPU
		{4DCCF3B3-26B7-4583-B401-008BDCD3D7E4}.Release|Any CPU.Build.0 = Release|Any CPU
		{082D7999-6A55-45C7-B72A-47BB1AA64AEE}.Debug|Any CPU.ActiveCfg = Debug|Any CPU
		{082D7999-6A55-45C7-B72A-47BB1AA64AEE}.Debug|Any CPU.Build.0 = Debug|Any CPU
		{082D7999-6A55-45C7-B72A-47BB1AA64AEE}.Release|Any CPU.ActiveCfg = Release|Any CPU
		{082D7999-6A55-45C7-B72A-47BB1AA64AEE}.Release|Any CPU.Build.0 = Release|Any CPU
		{99607E0A-A2B4-4D0D-85CA-CF0CB1544B1A}.Debug|Any CPU.ActiveCfg = Debug|Any CPU
		{99607E0A-A2B4-4D0D-85CA-CF0CB1544B1A}.Debug|Any CPU.Build.0 = Debug|Any CPU
		{99607E0A-A2B4-4D0D-85CA-CF0CB1544B1A}.Release|Any CPU.ActiveCfg = Release|Any CPU
		{99607E0A-A2B4-4D0D-85CA-CF0CB1544B1A}.Release|Any CPU.Build.0 = Release|Any CPU
	EndGlobalSection
	GlobalSection(SolutionProperties) = preSolution
		HideSolutionNode = FALSE
	EndGlobalSection
EndGlobal
