
Microsoft Visual Studio Solution File, Format Version 12.00
# Visual Studio 14
VisualStudioVersion = 14.0.25420.1
MinimumVisualStudioVersion = 10.0.40219.1
Project("{FAE04EC0-301F-11D3-BF4B-00C04F79EFBC}") = "SiarheiKuchuk.Test8.Web", "CW1\SiarheiKuchuk.Test8.Web.csproj", "{57938539-C1CF-4ED6-BF42-FF5E96B34DF2}"
EndProject
Project("{FAE04EC0-301F-11D3-BF4B-00C04F79EFBC}") = "SiarheiKuchuk.Test8.BL", "SiarheiKuchuk.Test8.BL\SiarheiKuchuk.Test8.BL.csproj", "{01D64FF1-B3FF-4A66-930C-A05BA5346C38}"
EndProject
Project("{FAE04EC0-301F-11D3-BF4B-00C04F79EFBC}") = "SiarheiKuchuk.Test8.DAL", "SiarheiKuchuk.Test8.DAL\SiarheiKuchuk.Test8.DAL.csproj", "{CA8987F0-982F-454B-8C40-05553BA22A69}"
EndProject
Global
	GlobalSection(SolutionConfigurationPlatforms) = preSolution
		Debug|Any CPU = Debug|Any CPU
		Release|Any CPU = Release|Any CPU
	EndGlobalSection
	GlobalSection(ProjectConfigurationPlatforms) = postSolution
		{57938539-C1CF-4ED6-BF42-FF5E96B34DF2}.Debug|Any CPU.ActiveCfg = Debug|Any CPU
		{57938539-C1CF-4ED6-BF42-FF5E96B34DF2}.Debug|Any CPU.Build.0 = Debug|Any CPU
		{57938539-C1CF-4ED6-BF42-FF5E96B34DF2}.Release|Any CPU.ActiveCfg = Release|Any CPU
		{57938539-C1CF-4ED6-BF42-FF5E96B34DF2}.Release|Any CPU.Build.0 = Release|Any CPU
		{01D64FF1-B3FF-4A66-930C-A05BA5346C38}.Debug|Any CPU.ActiveCfg = Debug|Any CPU
		{01D64FF1-B3FF-4A66-930C-A05BA5346C38}.Debug|Any CPU.Build.0 = Debug|Any CPU
		{01D64FF1-B3FF-4A66-930C-A05BA5346C38}.Release|Any CPU.ActiveCfg = Release|Any CPU
		{01D64FF1-B3FF-4A66-930C-A05BA5346C38}.Release|Any CPU.Build.0 = Release|Any CPU
		{CA8987F0-982F-454B-8C40-05553BA22A69}.Debug|Any CPU.ActiveCfg = Debug|Any CPU
		{CA8987F0-982F-454B-8C40-05553BA22A69}.Debug|Any CPU.Build.0 = Debug|Any CPU
		{CA8987F0-982F-454B-8C40-05553BA22A69}.Release|Any CPU.ActiveCfg = Release|Any CPU
		{CA8987F0-982F-454B-8C40-05553BA22A69}.Release|Any CPU.Build.0 = Release|Any CPU
	EndGlobalSection
	GlobalSection(SolutionProperties) = preSolution
		HideSolutionNode = FALSE
	EndGlobalSection
EndGlobal
