
Microsoft Visual Studio Solution File, Format Version 12.00
# Visual Studio 14
VisualStudioVersion = 14.0.25420.1
MinimumVisualStudioVersion = 10.0.40219.1
Project("{FAE04EC0-301F-11D3-BF4B-00C04F79EFBC}") = "SiarheiKuchukIncorporated.HomeWork8.Dal-DbFirst", "..\SiarheiKuchukIncorporated.HomeWork8.Dal-DbFirst\SiarheiKuchukIncorporated.HomeWork8.Dal-DbFirst.csproj", "{13A85042-9741-4E06-BAF4-444070C190BA}"
EndProject
Project("{FAE04EC0-301F-11D3-BF4B-00C04F79EFBC}") = "SiarheiKuchukIncorporated.HomeWork8.Web", "SiarheiKuchukIncorporated.HomeWork8.Web\SiarheiKuchukIncorporated.HomeWork8.Web.csproj", "{D8754B83-585D-4DD5-B128-0FDD36CE37B8}"
EndProject
Project("{FAE04EC0-301F-11D3-BF4B-00C04F79EFBC}") = "SiarheiKuchukIncorporated.HomeWork8.Bl", "SiarheiKuchukIncorporated.HomeWork8.Bl\SiarheiKuchukIncorporated.HomeWork8.Bl.csproj", "{3464E710-D3E5-408B-B2EB-16EF401A535F}"
EndProject
Project("{FAE04EC0-301F-11D3-BF4B-00C04F79EFBC}") = "SiarheiKuchukIncorporated.HomeWork8.Dal-CodeFirst", "SiarheiKuchukIncorporated.HomeWork8.Dal-CodeFirst\SiarheiKuchukIncorporated.HomeWork8.Dal-CodeFirst.csproj", "{66105FCE-E47F-4273-8F04-D3E6DBE5F630}"
EndProject
Global
	GlobalSection(SolutionConfigurationPlatforms) = preSolution
		Debug|Any CPU = Debug|Any CPU
		Release|Any CPU = Release|Any CPU
	EndGlobalSection
	GlobalSection(ProjectConfigurationPlatforms) = postSolution
		{13A85042-9741-4E06-BAF4-444070C190BA}.Debug|Any CPU.ActiveCfg = Debug|Any CPU
		{13A85042-9741-4E06-BAF4-444070C190BA}.Debug|Any CPU.Build.0 = Debug|Any CPU
		{13A85042-9741-4E06-BAF4-444070C190BA}.Release|Any CPU.ActiveCfg = Release|Any CPU
		{13A85042-9741-4E06-BAF4-444070C190BA}.Release|Any CPU.Build.0 = Release|Any CPU
		{D8754B83-585D-4DD5-B128-0FDD36CE37B8}.Debug|Any CPU.ActiveCfg = Debug|Any CPU
		{D8754B83-585D-4DD5-B128-0FDD36CE37B8}.Debug|Any CPU.Build.0 = Debug|Any CPU
		{D8754B83-585D-4DD5-B128-0FDD36CE37B8}.Release|Any CPU.ActiveCfg = Release|Any CPU
		{D8754B83-585D-4DD5-B128-0FDD36CE37B8}.Release|Any CPU.Build.0 = Release|Any CPU
		{3464E710-D3E5-408B-B2EB-16EF401A535F}.Debug|Any CPU.ActiveCfg = Debug|Any CPU
		{3464E710-D3E5-408B-B2EB-16EF401A535F}.Debug|Any CPU.Build.0 = Debug|Any CPU
		{3464E710-D3E5-408B-B2EB-16EF401A535F}.Release|Any CPU.ActiveCfg = Release|Any CPU
		{3464E710-D3E5-408B-B2EB-16EF401A535F}.Release|Any CPU.Build.0 = Release|Any CPU
		{66105FCE-E47F-4273-8F04-D3E6DBE5F630}.Debug|Any CPU.ActiveCfg = Debug|Any CPU
		{66105FCE-E47F-4273-8F04-D3E6DBE5F630}.Debug|Any CPU.Build.0 = Debug|Any CPU
		{66105FCE-E47F-4273-8F04-D3E6DBE5F630}.Release|Any CPU.ActiveCfg = Release|Any CPU
		{66105FCE-E47F-4273-8F04-D3E6DBE5F630}.Release|Any CPU.Build.0 = Release|Any CPU
	EndGlobalSection
	GlobalSection(SolutionProperties) = preSolution
		HideSolutionNode = FALSE
	EndGlobalSection
EndGlobal
