
Microsoft Visual Studio Solution File, Format Version 12.00
# Visual Studio 14
VisualStudioVersion = 14.0.25420.1
MinimumVisualStudioVersion = 10.0.40219.1
Project("{FAE04EC0-301F-11D3-BF4B-00C04F79EFBC}") = "ItAcademy.Galery.Web", "ItAcademy.Galery.Web\ItAcademy.Galery.Web.csproj", "{C1B1C646-A35B-4448-9665-D3B3F26DA19D}"
EndProject
Project("{FAE04EC0-301F-11D3-BF4B-00C04F79EFBC}") = "ItAcademy.Galery.ViewModels", "ItAcademy.Galery.ViewModels\ItAcademy.Galery.ViewModels.csproj", "{6F5009A1-1A62-405A-A9C0-75C470E47F93}"
EndProject
Project("{FAE04EC0-301F-11D3-BF4B-00C04F79EFBC}") = "ItAcademy.Gallery.DAL", "ItAcademy.Gallery.DAL\ItAcademy.Gallery.DAL.csproj", "{F9A235F2-294A-4600-B570-0147AEF2E2F5}"
EndProject
Project("{FAE04EC0-301F-11D3-BF4B-00C04F79EFBC}") = "ItAcademy.Galery.BL", "ItAcademy.Galery.BL\ItAcademy.Galery.BL.csproj", "{EF9CDA51-9758-4F9B-B386-F5035B20B550}"
EndProject
Global
	GlobalSection(SolutionConfigurationPlatforms) = preSolution
		Debug|Any CPU = Debug|Any CPU
		Release|Any CPU = Release|Any CPU
	EndGlobalSection
	GlobalSection(ProjectConfigurationPlatforms) = postSolution
		{C1B1C646-A35B-4448-9665-D3B3F26DA19D}.Debug|Any CPU.ActiveCfg = Debug|Any CPU
		{C1B1C646-A35B-4448-9665-D3B3F26DA19D}.Debug|Any CPU.Build.0 = Debug|Any CPU
		{C1B1C646-A35B-4448-9665-D3B3F26DA19D}.Release|Any CPU.ActiveCfg = Release|Any CPU
		{C1B1C646-A35B-4448-9665-D3B3F26DA19D}.Release|Any CPU.Build.0 = Release|Any CPU
		{6F5009A1-1A62-405A-A9C0-75C470E47F93}.Debug|Any CPU.ActiveCfg = Debug|Any CPU
		{6F5009A1-1A62-405A-A9C0-75C470E47F93}.Debug|Any CPU.Build.0 = Debug|Any CPU
		{6F5009A1-1A62-405A-A9C0-75C470E47F93}.Release|Any CPU.ActiveCfg = Release|Any CPU
		{6F5009A1-1A62-405A-A9C0-75C470E47F93}.Release|Any CPU.Build.0 = Release|Any CPU
		{F9A235F2-294A-4600-B570-0147AEF2E2F5}.Debug|Any CPU.ActiveCfg = Debug|Any CPU
		{F9A235F2-294A-4600-B570-0147AEF2E2F5}.Debug|Any CPU.Build.0 = Debug|Any CPU
		{F9A235F2-294A-4600-B570-0147AEF2E2F5}.Release|Any CPU.ActiveCfg = Release|Any CPU
		{F9A235F2-294A-4600-B570-0147AEF2E2F5}.Release|Any CPU.Build.0 = Release|Any CPU
		{EF9CDA51-9758-4F9B-B386-F5035B20B550}.Debug|Any CPU.ActiveCfg = Debug|Any CPU
		{EF9CDA51-9758-4F9B-B386-F5035B20B550}.Debug|Any CPU.Build.0 = Debug|Any CPU
		{EF9CDA51-9758-4F9B-B386-F5035B20B550}.Release|Any CPU.ActiveCfg = Release|Any CPU
		{EF9CDA51-9758-4F9B-B386-F5035B20B550}.Release|Any CPU.Build.0 = Release|Any CPU
	EndGlobalSection
	GlobalSection(SolutionProperties) = preSolution
		HideSolutionNode = FALSE
	EndGlobalSection
EndGlobal
