
Microsoft Visual Studio Solution File, Format Version 12.00
# Visual Studio 14
VisualStudioVersion = 14.0.25420.1
MinimumVisualStudioVersion = 10.0.40219.1
Project("{FAE04EC0-301F-11D3-BF4B-00C04F79EFBC}") = "SK.CW15.Web", "SK.CW15.Web\SK.CW15.Web.csproj", "{43140302-1C08-4891-8E40-33D700218A5F}"
EndProject
Project("{FAE04EC0-301F-11D3-BF4B-00C04F79EFBC}") = "SK.CW15.Bl", "SK.CW15.Bl\SK.CW15.Bl.csproj", "{36D13AA9-E46A-4D75-8D77-E4A7AFE4CF28}"
EndProject
Project("{FAE04EC0-301F-11D3-BF4B-00C04F79EFBC}") = "SK.CW15.Dal", "SK.CW15.Dal\SK.CW15.Dal.csproj", "{87DE0517-B896-40A7-9ECE-CD92A7D817FB}"
EndProject
Project("{FAE04EC0-301F-11D3-BF4B-00C04F79EFBC}") = "SK.CW15.Dependency", "SK.CW15.Dependency\SK.CW15.Dependency.csproj", "{E3AA4AA6-C51C-4545-B6D9-0E0593AD4270}"
EndProject
Global
	GlobalSection(SolutionConfigurationPlatforms) = preSolution
		Debug|Any CPU = Debug|Any CPU
		Release|Any CPU = Release|Any CPU
	EndGlobalSection
	GlobalSection(ProjectConfigurationPlatforms) = postSolution
		{43140302-1C08-4891-8E40-33D700218A5F}.Debug|Any CPU.ActiveCfg = Debug|Any CPU
		{43140302-1C08-4891-8E40-33D700218A5F}.Debug|Any CPU.Build.0 = Debug|Any CPU
		{43140302-1C08-4891-8E40-33D700218A5F}.Release|Any CPU.ActiveCfg = Release|Any CPU
		{43140302-1C08-4891-8E40-33D700218A5F}.Release|Any CPU.Build.0 = Release|Any CPU
		{36D13AA9-E46A-4D75-8D77-E4A7AFE4CF28}.Debug|Any CPU.ActiveCfg = Debug|Any CPU
		{36D13AA9-E46A-4D75-8D77-E4A7AFE4CF28}.Debug|Any CPU.Build.0 = Debug|Any CPU
		{36D13AA9-E46A-4D75-8D77-E4A7AFE4CF28}.Release|Any CPU.ActiveCfg = Release|Any CPU
		{36D13AA9-E46A-4D75-8D77-E4A7AFE4CF28}.Release|Any CPU.Build.0 = Release|Any CPU
		{87DE0517-B896-40A7-9ECE-CD92A7D817FB}.Debug|Any CPU.ActiveCfg = Debug|Any CPU
		{87DE0517-B896-40A7-9ECE-CD92A7D817FB}.Debug|Any CPU.Build.0 = Debug|Any CPU
		{87DE0517-B896-40A7-9ECE-CD92A7D817FB}.Release|Any CPU.ActiveCfg = Release|Any CPU
		{87DE0517-B896-40A7-9ECE-CD92A7D817FB}.Release|Any CPU.Build.0 = Release|Any CPU
		{E3AA4AA6-C51C-4545-B6D9-0E0593AD4270}.Debug|Any CPU.ActiveCfg = Debug|Any CPU
		{E3AA4AA6-C51C-4545-B6D9-0E0593AD4270}.Debug|Any CPU.Build.0 = Debug|Any CPU
		{E3AA4AA6-C51C-4545-B6D9-0E0593AD4270}.Release|Any CPU.ActiveCfg = Release|Any CPU
		{E3AA4AA6-C51C-4545-B6D9-0E0593AD4270}.Release|Any CPU.Build.0 = Release|Any CPU
	EndGlobalSection
	GlobalSection(SolutionProperties) = preSolution
		HideSolutionNode = FALSE
	EndGlobalSection
EndGlobal
